
Microsoft Visual Studio Solution File, Format Version 12.00
Project("{FAE04EC0-301F-11D3-BF4B-00C04F79EFBC}") = "ConfigurationFrom1Password", "ConfigurationFrom1Password\ConfigurationFrom1Password.csproj", "{784E1928-B64F-4C3C-86A5-2BEEC18292A1}"
EndProject
Project("{FAE04EC0-301F-11D3-BF4B-00C04F79EFBC}") = "ConfigurationFrom1Password.Web", "ConfigurationFrom1Password.Web\ConfigurationFrom1Password.Web.csproj", "{FB765E29-5363-4007-80DB-43FAE9AE1A46}"
EndProject
Project("{FAE04EC0-301F-11D3-BF4B-00C04F79EFBC}") = "ConfigurationFrom1Password.Tests", "ConfigurationFrom1Password.Tests\ConfigurationFrom1Password.Tests.csproj", "{2BB3A702-04AD-4C3C-BD97-B086A12A41F1}"
EndProject
Project("{FAE04EC0-301F-11D3-BF4B-00C04F79EFBC}") = "ConfigurationFrom1Password.Console", "ConfigurationFrom1Password.Console\ConfigurationFrom1Password.Console.csproj", "{0E14ED72-F3DC-478B-AB90-C793B7228A82}"
EndProject
Global
	GlobalSection(SolutionConfigurationPlatforms) = preSolution
		Debug|Any CPU = Debug|Any CPU
		Release|Any CPU = Release|Any CPU
	EndGlobalSection
	GlobalSection(ProjectConfigurationPlatforms) = postSolution
		{784E1928-B64F-4C3C-86A5-2BEEC18292A1}.Debug|Any CPU.ActiveCfg = Debug|Any CPU
		{784E1928-B64F-4C3C-86A5-2BEEC18292A1}.Debug|Any CPU.Build.0 = Debug|Any CPU
		{784E1928-B64F-4C3C-86A5-2BEEC18292A1}.Release|Any CPU.ActiveCfg = Release|Any CPU
		{784E1928-B64F-4C3C-86A5-2BEEC18292A1}.Release|Any CPU.Build.0 = Release|Any CPU
		{FB765E29-5363-4007-80DB-43FAE9AE1A46}.Debug|Any CPU.ActiveCfg = Debug|Any CPU
		{FB765E29-5363-4007-80DB-43FAE9AE1A46}.Debug|Any CPU.Build.0 = Debug|Any CPU
		{FB765E29-5363-4007-80DB-43FAE9AE1A46}.Release|Any CPU.ActiveCfg = Release|Any CPU
		{FB765E29-5363-4007-80DB-43FAE9AE1A46}.Release|Any CPU.Build.0 = Release|Any CPU
		{2BB3A702-04AD-4C3C-BD97-B086A12A41F1}.Debug|Any CPU.ActiveCfg = Debug|Any CPU
		{2BB3A702-04AD-4C3C-BD97-B086A12A41F1}.Debug|Any CPU.Build.0 = Debug|Any CPU
		{2BB3A702-04AD-4C3C-BD97-B086A12A41F1}.Release|Any CPU.ActiveCfg = Release|Any CPU
		{2BB3A702-04AD-4C3C-BD97-B086A12A41F1}.Release|Any CPU.Build.0 = Release|Any CPU
		{0E14ED72-F3DC-478B-AB90-C793B7228A82}.Debug|Any CPU.ActiveCfg = Debug|Any CPU
		{0E14ED72-F3DC-478B-AB90-C793B7228A82}.Debug|Any CPU.Build.0 = Debug|Any CPU
		{0E14ED72-F3DC-478B-AB90-C793B7228A82}.Release|Any CPU.ActiveCfg = Release|Any CPU
		{0E14ED72-F3DC-478B-AB90-C793B7228A82}.Release|Any CPU.Build.0 = Release|Any CPU
	EndGlobalSection
EndGlobal
